github.com/RyanCarrier/dijkstra/v2 v2.0.2 h1:DIOg/a7XDR+KmlDkNSX9ggDY6sNLrG+EBGvZUjfgi+A=
github.com/RyanCarrier/dijkstra/v2 v2.0.2/go.mod h1:XwpYN7nC1LPwL3HkaavzB+VGaHRndSsZy/whsFy1AEI=
github.com/lmittmann/tint v1.0.5 h1:NQclAutOfYsqs2F1Lenue6OoWCajs5wJcP3DfWVpePw=
github.com/lmittmann/tint v1.0.5/go.mod h1:HIS3gSy7qNwGCj+5oRjAutErFBl4BzdQP6cJZ0NfMwE=
github.com/matryer/is v1.4.1 h1:55ehd8zaGABKLXQUe2awZ99BD/PTc2ls+KV/dXphgEQ=
github.com/matryer/is v1.4.1/go.mod h1:8I/i5uYgLzgsgEloJE1U6xx5HkBQpAZvepWuujKwMRU=
github.com/orsinium-labs/enum v1.4.0 h1:3NInlfV76kuAg0kq2FFUondmg3WO7gMEgrPPrlzLDUM=
github.com/orsinium-labs/enum v1.4.0/go.mod h1:Qj5IK2pnElZtkZbGDxZMjpt7SUsn4tqE5vRelmWaBbc=
go.jlucktay.dev/adventofcode/crunchy v0.0.0-20241210201440-539a928fa35e h1:O7pwbIABrPkDc7N3V3kSkknOFEE2SFFBMeSGoOZHzRU=
go.jlucktay.dev/adventofcode/crunchy v0.0.0-20241210201440-539a928fa35e/go.mod h1:kK0k3swjYiT6bxBxkL9PE7bAlcPlJaCOX65N3qUaBf0=
golang.org/x/exp v0.0.0-20241210194714-1829a127f884 h1:Y/Mj/94zIQQGHVSv1tTtQBDaQaJe62U9bkDZKKyhPCU=
golang.org/x/exp v0.0.0-20241210194714-1829a127f884/go.mod h1:qj5a5QZpwLU2NLQudwIN5koi3beDhSAlJwa67PuM98c=
